// !$*UTF8*$!
{
	archiveVersion = 1;
	classes = {
	};
	objectVersion = 60;
	objects = {

/* Begin PBXBuildFile section */
		2E2CDDF1339441A6804A0714 /* SISRKit in Frameworks */ = {isa = PBXBuildFile; productRef = 11ED43C5B8654F6193EB06AB /* SISRKit */; };
		41ED19E893E34801AE6ACE60 /* AppDelegate.swift in Sources */ = {isa = PBXBuildFile; fileRef = A1CA187EBDB14241B6CF4E6D /* AppDelegate.swift */; };
		44C476BFF0CB478A9B103F84 /* Assets.xcassets in Resources */ = {isa = PBXBuildFile; fileRef = 754D6DA5E9E44ECDBF7CD11B /* Assets.xcassets */; };
		463C82BD8EA449D0B955DFD2 /* BookmarkStore.swift in Sources */ = {isa = PBXBuildFile; fileRef = BA059A1A10764EC79DB6F1B6 /* BookmarkStore.swift */; };
		588B14EBEDB34E53AAF9472A /* Theme.swift in Sources */ = {isa = PBXBuildFile; fileRef = 40EE5153B5384CE38DF4595A /* Theme.swift */; };
		7AA1990960BA470EB6258B31 /* RenderController.swift in Sources */ = {isa = PBXBuildFile; fileRef = 9F28E111D388424D9EFD94ED /* RenderController.swift */; };
		92AD31F699204C9C8E127B7D /* PlaybackController.swift in Sources */ = {isa = PBXBuildFile; fileRef = F7588C9B1EF346219F7A945B /* PlaybackController.swift */; };
		A3F3C04459AF450AA43F8DEE /* ProjectPersistence.swift in Sources */ = {isa = PBXBuildFile; fileRef = E76FAE87AC7B476B902F607E /* ProjectPersistence.swift */; };
		A7D0EBC6076F4526B01F22A4 /* RenderProgressCard.swift in Sources */ = {isa = PBXBuildFile; fileRef = 535D43D6433C423A98A1A9F6 /* RenderProgressCard.swift */; };
		C38C00591F6D4D6ABA06CF8E /* ContentView.swift in Sources */ = {isa = PBXBuildFile; fileRef = 3BB437868186425DBDE9BC5A /* ContentView.swift */; };
		CCED8894A1C4437FBCBE5919 /* TimelineView.swift in Sources */ = {isa = PBXBuildFile; fileRef = 1345433BFBAA4CE488FF3FFF /* TimelineView.swift */; };
		D6E39A652445400983EE3411 /* ViewerView.swift in Sources */ = {isa = PBXBuildFile; fileRef = 2A3FE955FE7A42A9AD58BC2B /* ViewerView.swift */; };
		D813CAFFB9074E6BA45AAF31 /* SidebarView.swift in Sources */ = {isa = PBXBuildFile; fileRef = 369550B04749409ABFA15888 /* SidebarView.swift */; };
		D963FF28CB18404E8D405611 /* Commands.swift in Sources */ = {isa = PBXBuildFile; fileRef = 2BFC44F16D954CA78F4064A0 /* Commands.swift */; };
		E1360D306D904F259FF7A8AF /* InspectorView.swift in Sources */ = {isa = PBXBuildFile; fileRef = E45E24AF938A457C835F54E8 /* InspectorView.swift */; };
		E1FEB9F6F9AF4136A7DADD53 /* SISRApp.swift in Sources */ = {isa = PBXBuildFile; fileRef = 1B66041E52A3430698444F7A /* SISRApp.swift */; };
		EC605346D9724D66A47EBECD /* SettingsView.swift in Sources */ = {isa = PBXBuildFile; fileRef = DE9D990B12064E5B90326CDF /* SettingsView.swift */; };
		ECB6F4A0B187427D8FB04B3A /* CropOverlayView.swift in Sources */ = {isa = PBXBuildFile; fileRef = 14F2079DB0BD43DEB8B75BB6 /* CropOverlayView.swift */; };
		F32DF4ED37734F48B7532AE1 /* AppSettings.swift in Sources */ = {isa = PBXBuildFile; fileRef = 92B50499FE9C4E80A2EE1405 /* AppSettings.swift */; };
/* End PBXBuildFile section */

/* Begin PBXFileReference section */
		1345433BFBAA4CE488FF3FFF /* TimelineView.swift */ = {isa = PBXFileReference; lastKnownFileType = sourcecode.swift; name = TimelineView.swift; path = Views/Timeline/TimelineView.swift; sourceTree = "<group>"; };
		14F2079DB0BD43DEB8B75BB6 /* CropOverlayView.swift */ = {isa = PBXFileReference; lastKnownFileType = sourcecode.swift; name = CropOverlayView.swift; path = Views/Viewer/CropOverlayView.swift; sourceTree = "<group>"; };
		1B66041E52A3430698444F7A /* SISRApp.swift */ = {isa = PBXFileReference; lastKnownFileType = sourcecode.swift; path = SISRApp.swift; sourceTree = "<group>"; };
		2A3FE955FE7A42A9AD58BC2B /* ViewerView.swift */ = {isa = PBXFileReference; lastKnownFileType = sourcecode.swift; name = ViewerView.swift; path = Views/Viewer/ViewerView.swift; sourceTree = "<group>"; };
		2BFC44F16D954CA78F4064A0 /* Commands.swift */ = {isa = PBXFileReference; lastKnownFileType = sourcecode.swift; path = Commands.swift; sourceTree = "<group>"; };
		369550B04749409ABFA15888 /* SidebarView.swift */ = {isa = PBXFileReference; lastKnownFileType = sourcecode.swift; name = SidebarView.swift; path = Views/Sidebar/SidebarView.swift; sourceTree = "<group>"; };
		3BB437868186425DBDE9BC5A /* ContentView.swift */ = {isa = PBXFileReference; lastKnownFileType = sourcecode.swift; path = ContentView.swift; sourceTree = "<group>"; };
		40EE5153B5384CE38DF4595A /* Theme.swift */ = {isa = PBXFileReference; lastKnownFileType = sourcecode.swift; name = Theme.swift; path = Appearance/Theme.swift; sourceTree = "<group>"; };
		458C9D482E204BAB889D79ED /* SISR.entitlements */ = {isa = PBXFileReference; lastKnownFileType = text.plist.entitlements; path = SISR.entitlements; sourceTree = "<group>"; };
		49C4AD03370B4E7F921AB0C0 /* Info.plist */ = {isa = PBXFileReference; lastKnownFileType = text.plist.xml; path = Info.plist; sourceTree = "<group>"; };
		535D43D6433C423A98A1A9F6 /* RenderProgressCard.swift */ = {isa = PBXFileReference; lastKnownFileType = sourcecode.swift; name = RenderProgressCard.swift; path = Views/Render/RenderProgressCard.swift; sourceTree = "<group>"; };
		754D6DA5E9E44ECDBF7CD11B /* Assets.xcassets */ = {isa = PBXFileReference; lastKnownFileType = folder.assetcatalog; path = Assets.xcassets; sourceTree = "<group>"; };
		8C1FFD598F534F7AA5A68786 /* SISR.app */ = {isa = PBXFileReference; explicitFileType = wrapper.application; includeInIndex = 0; path = SISR.app; sourceTree = BUILT_PRODUCTS_DIR; };
		92B50499FE9C4E80A2EE1405 /* AppSettings.swift */ = {isa = PBXFileReference; lastKnownFileType = sourcecode.swift; name = AppSettings.swift; path = Services/AppSettings.swift; sourceTree = "<group>"; };
		9F28E111D388424D9EFD94ED /* RenderController.swift */ = {isa = PBXFileReference; lastKnownFileType = sourcecode.swift; name = RenderController.swift; path = Services/RenderController.swift; sourceTree = "<group>"; };
		A1CA187EBDB14241B6CF4E6D /* AppDelegate.swift */ = {isa = PBXFileReference; lastKnownFileType = sourcecode.swift; path = AppDelegate.swift; sourceTree = "<group>"; };
		BA059A1A10764EC79DB6F1B6 /* BookmarkStore.swift */ = {isa = PBXFileReference; lastKnownFileType = sourcecode.swift; name = BookmarkStore.swift; path = Services/BookmarkStore.swift; sourceTree = "<group>"; };
		DE9D990B12064E5B90326CDF /* SettingsView.swift */ = {isa = PBXFileReference; lastKnownFileType = sourcecode.swift; path = SettingsView.swift; sourceTree = "<group>"; };
		E45E24AF938A457C835F54E8 /* InspectorView.swift */ = {isa = PBXFileReference; lastKnownFileType = sourcecode.swift; name = InspectorView.swift; path = Views/Inspector/InspectorView.swift; sourceTree = "<group>"; };
		E76FAE87AC7B476B902F607E /* ProjectPersistence.swift */ = {isa = PBXFileReference; lastKnownFileType = sourcecode.swift; name = ProjectPersistence.swift; path = Services/ProjectPersistence.swift; sourceTree = "<group>"; };
		F7588C9B1EF346219F7A945B /* PlaybackController.swift */ = {isa = PBXFileReference; lastKnownFileType = sourcecode.swift; name = PlaybackController.swift; path = Views/Viewer/PlaybackController.swift; sourceTree = "<group>"; };
/* End PBXFileReference section */

/* Begin PBXFrameworksBuildPhase section */
		6CF0D5EA36A1443280ED72EB /* Frameworks */ = {
			isa = PBXFrameworksBuildPhase;
			buildActionMask = 2147483647;
			files = (
				2E2CDDF1339441A6804A0714 /* SISRKit in Frameworks */,
			);
			runOnlyForDeploymentPostprocessing = 0;
		};
/* End PBXFrameworksBuildPhase section */

/* Begin PBXGroup section */
		4FA9619D3D9F498CACF0B792 = {
			isa = PBXGroup;
			children = (
				552D99F081E8430B9F8A1881 /* SISR */,
				E2FEAF494CA64C45A83CC4D3 /* Products */,
			);
			sourceTree = "<group>";
		};
		552D99F081E8430B9F8A1881 /* SISR */ = {
			isa = PBXGroup;
			children = (
				A1CA187EBDB14241B6CF4E6D /* AppDelegate.swift */,
				40EE5153B5384CE38DF4595A /* Theme.swift */,
				2BFC44F16D954CA78F4064A0 /* Commands.swift */,
				3BB437868186425DBDE9BC5A /* ContentView.swift */,
				1B66041E52A3430698444F7A /* SISRApp.swift */,
				92B50499FE9C4E80A2EE1405 /* AppSettings.swift */,
				BA059A1A10764EC79DB6F1B6 /* BookmarkStore.swift */,
				E76FAE87AC7B476B902F607E /* ProjectPersistence.swift */,
				9F28E111D388424D9EFD94ED /* RenderController.swift */,
				DE9D990B12064E5B90326CDF /* SettingsView.swift */,
				E45E24AF938A457C835F54E8 /* InspectorView.swift */,
				535D43D6433C423A98A1A9F6 /* RenderProgressCard.swift */,
				369550B04749409ABFA15888 /* SidebarView.swift */,
				1345433BFBAA4CE488FF3FFF /* TimelineView.swift */,
				14F2079DB0BD43DEB8B75BB6 /* CropOverlayView.swift */,
				F7588C9B1EF346219F7A945B /* PlaybackController.swift */,
				2A3FE955FE7A42A9AD58BC2B /* ViewerView.swift */,
				754D6DA5E9E44ECDBF7CD11B /* Assets.xcassets */,
				49C4AD03370B4E7F921AB0C0 /* Info.plist */,
				458C9D482E204BAB889D79ED /* SISR.entitlements */,
			);
			path = SISR;
			sourceTree = "<group>";
		};
		E2FEAF494CA64C45A83CC4D3 /* Products */ = {
			isa = PBXGroup;
			children = (
				8C1FFD598F534F7AA5A68786 /* SISR.app */,
			);
			name = Products;
			sourceTree = "<group>";
		};
/* End PBXGroup section */

/* Begin PBXNativeTarget section */
		602DB90436974D2AB43F4AE5 /* SISR */ = {
			isa = PBXNativeTarget;
			buildConfigurationList = 857CC1CEE7D9478F828E3E4E /* Build configuration list for PBXNativeTarget "SISR" */;
			buildPhases = (
				513BA9E9E4034831B8441759 /* Sources */,
				6CF0D5EA36A1443280ED72EB /* Frameworks */,
				1A8F077596D74934A66E2919 /* Resources */,
			);
			buildRules = (
			);
			dependencies = (
			);
			name = SISR;
			packageProductDependencies = (
				11ED43C5B8654F6193EB06AB /* SISRKit */,
			);
			productName = SISR;
			productReference = 8C1FFD598F534F7AA5A68786 /* SISR.app */;
			productType = "com.apple.product-type.application";
		};
/* End PBXNativeTarget section */

/* Begin PBXProject section */
		E83F63EA8C1F448697CA1C6E /* Project object */ = {
			isa = PBXProject;
			attributes = {
				LastSwiftUpdateCheck = 1500;
				LastUpgradeCheck = 1500;
			};
			buildConfigurationList = 10657F7B607348A1A1D9B280 /* Build configuration list for PBXProject "SISR" */;
			compatibilityVersion = "Xcode 14.0";
			developmentRegion = en;
			hasScannedForEncodings = 0;
			knownRegions = (
				en,
				Base,
			);
			mainGroup = 4FA9619D3D9F498CACF0B792;
			packageReferences = (
				0F331F86D36F416881446DB3 /* XCLocalSwiftPackageReference "Packages/SISRKit" */,
			);
			productRefGroup = E2FEAF494CA64C45A83CC4D3 /* Products */;
			projectDirPath = "";
			projectRoot = "";
			targets = (
				602DB90436974D2AB43F4AE5 /* SISR */,
			);
		};
/* End PBXProject section */

/* Begin PBXResourcesBuildPhase section */
		1A8F077596D74934A66E2919 /* Resources */ = {
			isa = PBXResourcesBuildPhase;
			buildActionMask = 2147483647;
			files = (
				44C476BFF0CB478A9B103F84 /* Assets.xcassets in Resources */,
			);
			runOnlyForDeploymentPostprocessing = 0;
		};
/* End PBXResourcesBuildPhase section */

/* Begin PBXSourcesBuildPhase section */
		513BA9E9E4034831B8441759 /* Sources */ = {
			isa = PBXSourcesBuildPhase;
			buildActionMask = 2147483647;
			files = (
				41ED19E893E34801AE6ACE60 /* AppDelegate.swift in Sources */,
				588B14EBEDB34E53AAF9472A /* Theme.swift in Sources */,
				D963FF28CB18404E8D405611 /* Commands.swift in Sources */,
				C38C00591F6D4D6ABA06CF8E /* ContentView.swift in Sources */,
				E1FEB9F6F9AF4136A7DADD53 /* SISRApp.swift in Sources */,
				F32DF4ED37734F48B7532AE1 /* AppSettings.swift in Sources */,
				463C82BD8EA449D0B955DFD2 /* BookmarkStore.swift in Sources */,
				A3F3C04459AF450AA43F8DEE /* ProjectPersistence.swift in Sources */,
				7AA1990960BA470EB6258B31 /* RenderController.swift in Sources */,
				EC605346D9724D66A47EBECD /* SettingsView.swift in Sources */,
				E1360D306D904F259FF7A8AF /* InspectorView.swift in Sources */,
				A7D0EBC6076F4526B01F22A4 /* RenderProgressCard.swift in Sources */,
				D813CAFFB9074E6BA45AAF31 /* SidebarView.swift in Sources */,
				CCED8894A1C4437FBCBE5919 /* TimelineView.swift in Sources */,
				ECB6F4A0B187427D8FB04B3A /* CropOverlayView.swift in Sources */,
				92AD31F699204C9C8E127B7D /* PlaybackController.swift in Sources */,
				D6E39A652445400983EE3411 /* ViewerView.swift in Sources */,
			);
			runOnlyForDeploymentPostprocessing = 0;
		};
/* End PBXSourcesBuildPhase section */

/* Begin XCBuildConfiguration section */
		7133667B710E4B328A689B5F /* Release */ = {
			isa = XCBuildConfiguration;
			buildSettings = {
				ALWAYS_SEARCH_USER_PATHS = NO;
				CLANG_ENABLE_MODULES = YES;
				MACOSX_DEPLOYMENT_TARGET = 14.0;
				SDKROOT = macosx;
				SWIFT_VERSION = 5.9;
			};
			name = Release;
		};
		B670AA88634645A19C9E724F /* Release */ = {
			isa = XCBuildConfiguration;
			buildSettings = {
				ASSETCATALOG_COMPILER_APPICON_NAME = AppIcon;
				CODE_SIGN_ENTITLEMENTS = SISR/SISR.entitlements;
				CODE_SIGN_STYLE = Automatic;
				COMBINE_HIDPI_IMAGES = YES;
				CURRENT_PROJECT_VERSION = 2;
				DEVELOPMENT_TEAM = 2D8MBBQWXH;
				ENABLE_HARDENED_RUNTIME = YES;
				GENERATE_INFOPLIST_FILE = NO;
				INFOPLIST_FILE = SISR/Info.plist;
				LD_RUNPATH_SEARCH_PATHS = (
					"$(inherited)",
					"@executable_path/../Frameworks",
				);
				MACOSX_DEPLOYMENT_TARGET = 14.0;
				MARKETING_VERSION = 1.0.1;
				PRODUCT_BUNDLE_IDENTIFIER = com.timelapsetech.sisr;
				PRODUCT_NAME = "$(TARGET_NAME)";
				SWIFT_VERSION = 5.9;
			};
			name = Release;
		};
		C7CA410EDE744D67AA040384 /* Debug */ = {
			isa = XCBuildConfiguration;
			buildSettings = {
				ALWAYS_SEARCH_USER_PATHS = NO;
				CLANG_ENABLE_MODULES = YES;
				MACOSX_DEPLOYMENT_TARGET = 14.0;
				ONLY_ACTIVE_ARCH = YES;
				SDKROOT = macosx;
				SWIFT_ACTIVE_COMPILATION_CONDITIONS = DEBUG;
				SWIFT_OPTIMIZATION_LEVEL = "-Onone";
				SWIFT_VERSION = 5.9;
			};
			name = Debug;
		};
		FFDC0A4494764D2B844B6E10 /* Debug */ = {
			isa = XCBuildConfiguration;
			buildSettings = {
				ASSETCATALOG_COMPILER_APPICON_NAME = AppIcon;
				CODE_SIGN_ENTITLEMENTS = SISR/SISR.entitlements;
				CODE_SIGN_STYLE = Automatic;
				COMBINE_HIDPI_IMAGES = YES;
				CURRENT_PROJECT_VERSION = 2;
				DEVELOPMENT_TEAM = 2D8MBBQWXH;
				ENABLE_HARDENED_RUNTIME = YES;
				GENERATE_INFOPLIST_FILE = NO;
				INFOPLIST_FILE = SISR/Info.plist;
				LD_RUNPATH_SEARCH_PATHS = (
					"$(inherited)",
					"@executable_path/../Frameworks",
				);
				MACOSX_DEPLOYMENT_TARGET = 14.0;
				MARKETING_VERSION = 1.0.1;
				PRODUCT_BUNDLE_IDENTIFIER = com.timelapsetech.sisr;
				PRODUCT_NAME = "$(TARGET_NAME)";
				SWIFT_VERSION = 5.9;
			};
			name = Debug;
		};
/* End XCBuildConfiguration section */

/* Begin XCConfigurationList section */
		10657F7B607348A1A1D9B280 /* Build configuration list for PBXProject "SISR" */ = {
			isa = XCConfigurationList;
			buildConfigurations = (
				C7CA410EDE744D67AA040384 /* Debug */,
				7133667B710E4B328A689B5F /* Release */,
			);
			defaultConfigurationIsVisible = 0;
			defaultConfigurationName = Release;
		};
		857CC1CEE7D9478F828E3E4E /* Build configuration list for PBXNativeTarget "SISR" */ = {
			isa = XCConfigurationList;
			buildConfigurations = (
				FFDC0A4494764D2B844B6E10 /* Debug */,
				B670AA88634645A19C9E724F /* Release */,
			);
			defaultConfigurationIsVisible = 0;
			defaultConfigurationName = Release;
		};
/* End XCConfigurationList section */

/* Begin XCLocalSwiftPackageReference section */
		0F331F86D36F416881446DB3 /* XCLocalSwiftPackageReference "Packages/SISRKit" */ = {
			isa = XCLocalSwiftPackageReference;
			relativePath = Packages/SISRKit;
		};
/* End XCLocalSwiftPackageReference section */

/* Begin XCSwiftPackageProductDependency section */
		11ED43C5B8654F6193EB06AB /* SISRKit */ = {
			isa = XCSwiftPackageProductDependency;
			package = 0F331F86D36F416881446DB3 /* XCLocalSwiftPackageReference "Packages/SISRKit" */;
			productName = SISRKit;
		};
/* End XCSwiftPackageProductDependency section */
	};
	rootObject = E83F63EA8C1F448697CA1C6E /* Project object */;
}
